
Microsoft Visual Studio Solution File, Format Version 12.00
# Visual Studio Version 16
VisualStudioVersion = 16.0.29613.14
MinimumVisualStudioVersion = 10.0.40219.1
Project("{FAE04EC0-301F-11D3-BF4B-00C04F79EFBC}") = "LinqExerc", "LinqExerc\LinqExerc.csproj", "{BDA960E3-AC49-4672-B02F-96E865EE7910}"
EndProject
Global
	GlobalSection(SolutionConfigurationPlatforms) = preSolution
		Debug|Any CPU = Debug|Any CPU
		Release|Any CPU = Release|Any CPU
	EndGlobalSection
	GlobalSection(ProjectConfigurationPlatforms) = postSolution
		{BDA960E3-AC49-4672-B02F-96E865EE7910}.Debug|Any CPU.ActiveCfg = Debug|Any CPU
		{BDA960E3-AC49-4672-B02F-96E865EE7910}.Debug|Any CPU.Build.0 = Debug|Any CPU
		{BDA960E3-AC49-4672-B02F-96E865EE7910}.Release|Any CPU.ActiveCfg = Release|Any CPU
		{BDA960E3-AC49-4672-B02F-96E865EE7910}.Release|Any CPU.Build.0 = Release|Any CPU
	EndGlobalSection
	GlobalSection(SolutionProperties) = preSolution
		HideSolutionNode = FALSE
	EndGlobalSection
	GlobalSection(ExtensibilityGlobals) = postSolution
		SolutionGuid = {54811916-C378-40EB-B5D3-A6F9C47DD43F}
	EndGlobalSection
EndGlobal
